
Microsoft Visual Studio Solution File, Format Version 12.00
# Visual Studio Version 16
VisualStudioVersion = 16.0.28803.452
MinimumVisualStudioVersion = 10.0.40219.1
Project("{F2A71F9B-5D33-465A-A702-920D77279786}") = "nm1", "nm1\nm1.fsproj", "{4F208187-564F-4E85-A86A-1DD4D3C0DCFE}"
EndProject
Global
	GlobalSection(SolutionConfigurationPlatforms) = preSolution
		Debug|Any CPU = Debug|Any CPU
		Release|Any CPU = Release|Any CPU
	EndGlobalSection
	GlobalSection(ProjectConfigurationPlatforms) = postSolution
		{4F208187-564F-4E85-A86A-1DD4D3C0DCFE}.Debug|Any CPU.ActiveCfg = Debug|Any CPU
		{4F208187-564F-4E85-A86A-1DD4D3C0DCFE}.Debug|Any CPU.Build.0 = Debug|Any CPU
		{4F208187-564F-4E85-A86A-1DD4D3C0DCFE}.Release|Any CPU.ActiveCfg = Release|Any CPU
		{4F208187-564F-4E85-A86A-1DD4D3C0DCFE}.Release|Any CPU.Build.0 = Release|Any CPU
	EndGlobalSection
	GlobalSection(SolutionProperties) = preSolution
		HideSolutionNode = FALSE
	EndGlobalSection
	GlobalSection(ExtensibilityGlobals) = postSolution
		SolutionGuid = {C68FE4CA-D0BE-4765-99BB-704646080BAE}
	EndGlobalSection
EndGlobal
